
Microsoft Visual Studio Solution File, Format Version 12.00
# Visual Studio Version 17
VisualStudioVersion = 17.14.37216.2 d17.14
MinimumVisualStudioVersion = 10.0.40219.1
Project("{FAE04EC0-301F-11D3-BF4B-00C04F79EFBC}") = "DocuMindAI", "DocuMindAI\DocuMindAI.csproj", "{0EDDDACB-B952-4582-B233-B004FB432D88}"
EndProject
Global
	GlobalSection(SolutionConfigurationPlatforms) = preSolution
		Debug|Any CPU = Debug|Any CPU
		Release|Any CPU = Release|Any CPU
	EndGlobalSection
	GlobalSection(ProjectConfigurationPlatforms) = postSolution
		{0EDDDACB-B952-4582-B233-B004FB432D88}.Debug|Any CPU.ActiveCfg = Debug|Any CPU
		{0EDDDACB-B952-4582-B233-B004FB432D88}.Debug|Any CPU.Build.0 = Debug|Any CPU
		{0EDDDACB-B952-4582-B233-B004FB432D88}.Release|Any CPU.ActiveCfg = Release|Any CPU
		{0EDDDACB-B952-4582-B233-B004FB432D88}.Release|Any CPU.Build.0 = Release|Any CPU
	EndGlobalSection
	GlobalSection(SolutionProperties) = preSolution
		HideSolutionNode = FALSE
	EndGlobalSection
	GlobalSection(ExtensibilityGlobals) = postSolution
		SolutionGuid = {CDD8360B-D975-4AE3-BB06-34DC79846746}
	EndGlobalSection
EndGlobal
